
Microsoft Visual Studio Solution File, Format Version 12.00
# Visual Studio Version 17
VisualStudioVersion = 17.8.34511.84
MinimumVisualStudioVersion = 10.0.40219.1
Project("{FAE04EC0-301F-11D3-BF4B-00C04F79EFBC}") = "ATV2_cj3021939", "ATV2_cj3021939\ATV2_cj3021939.csproj", "{27F64DC3-E088-48B5-97D3-7B54F56F4725}"
EndProject
Global
	GlobalSection(SolutionConfigurationPlatforms) = preSolution
		Debug|Any CPU = Debug|Any CPU
		Release|Any CPU = Release|Any CPU
	EndGlobalSection
	GlobalSection(ProjectConfigurationPlatforms) = postSolution
		{27F64DC3-E088-48B5-97D3-7B54F56F4725}.Debug|Any CPU.ActiveCfg = Debug|Any CPU
		{27F64DC3-E088-48B5-97D3-7B54F56F4725}.Debug|Any CPU.Build.0 = Debug|Any CPU
		{27F64DC3-E088-48B5-97D3-7B54F56F4725}.Release|Any CPU.ActiveCfg = Release|Any CPU
		{27F64DC3-E088-48B5-97D3-7B54F56F4725}.Release|Any CPU.Build.0 = Release|Any CPU
	EndGlobalSection
	GlobalSection(SolutionProperties) = preSolution
		HideSolutionNode = FALSE
	EndGlobalSection
	GlobalSection(ExtensibilityGlobals) = postSolution
		SolutionGuid = {CBF356C5-E9AC-49B3-8FA3-704756BA76B6}
	EndGlobalSection
EndGlobal
